
Microsoft Visual Studio Solution File, Format Version 12.00
# Visual Studio Version 17
VisualStudioVersion = 17.6.33815.320
MinimumVisualStudioVersion = 10.0.40219.1
Project("{9A19103F-16F7-4668-BE54-9A1E7A4F7556}") = "LingoApp", "LingoApp\LingoApp.csproj", "{793B0E69-510C-4E6F-81F6-ED8923361A45}"
EndProject
Project("{9A19103F-16F7-4668-BE54-9A1E7A4F7556}") = "LingoLibrary", "LingoLibrary\LingoLibrary.csproj", "{439E0447-86CA-4C13-B35B-B3398803755A}"
EndProject
Project("{9A19103F-16F7-4668-BE54-9A1E7A4F7556}") = "Data", "Data\Data.csproj", "{E893DE3E-EF94-45FB-83A1-4BCC565CB1BA}"
EndProject
Global
	GlobalSection(SolutionConfigurationPlatforms) = preSolution
		Debug|Any CPU = Debug|Any CPU
		Release|Any CPU = Release|Any CPU
	EndGlobalSection
	GlobalSection(ProjectConfigurationPlatforms) = postSolution
		{793B0E69-510C-4E6F-81F6-ED8923361A45}.Debug|Any CPU.ActiveCfg = Debug|Any CPU
		{793B0E69-510C-4E6F-81F6-ED8923361A45}.Debug|Any CPU.Build.0 = Debug|Any CPU
		{793B0E69-510C-4E6F-81F6-ED8923361A45}.Debug|Any CPU.Deploy.0 = Debug|Any CPU
		{793B0E69-510C-4E6F-81F6-ED8923361A45}.Release|Any CPU.ActiveCfg = Release|Any CPU
		{793B0E69-510C-4E6F-81F6-ED8923361A45}.Release|Any CPU.Build.0 = Release|Any CPU
		{793B0E69-510C-4E6F-81F6-ED8923361A45}.Release|Any CPU.Deploy.0 = Release|Any CPU
		{439E0447-86CA-4C13-B35B-B3398803755A}.Debug|Any CPU.ActiveCfg = Debug|Any CPU
		{439E0447-86CA-4C13-B35B-B3398803755A}.Debug|Any CPU.Build.0 = Debug|Any CPU
		{439E0447-86CA-4C13-B35B-B3398803755A}.Release|Any CPU.ActiveCfg = Release|Any CPU
		{439E0447-86CA-4C13-B35B-B3398803755A}.Release|Any CPU.Build.0 = Release|Any CPU
		{E893DE3E-EF94-45FB-83A1-4BCC565CB1BA}.Debug|Any CPU.ActiveCfg = Debug|Any CPU
		{E893DE3E-EF94-45FB-83A1-4BCC565CB1BA}.Debug|Any CPU.Build.0 = Debug|Any CPU
		{E893DE3E-EF94-45FB-83A1-4BCC565CB1BA}.Release|Any CPU.ActiveCfg = Release|Any CPU
		{E893DE3E-EF94-45FB-83A1-4BCC565CB1BA}.Release|Any CPU.Build.0 = Release|Any CPU
	EndGlobalSection
	GlobalSection(SolutionProperties) = preSolution
		HideSolutionNode = FALSE
	EndGlobalSection
	GlobalSection(ExtensibilityGlobals) = postSolution
		SolutionGuid = {DFB10AB7-7BD7-41DC-A7C9-3A8CCEC0F4DF}
	EndGlobalSection
EndGlobal
